
Microsoft Visual Studio Solution File, Format Version 12.00
# Visual Studio 15
VisualStudioVersion = 15.0.26124.0
MinimumVisualStudioVersion = 15.0.26124.0
Project("{FAE04EC0-301F-11D3-BF4B-00C04F79EFBC}") = "Domain", "Domain\Domain.csproj", "{5D003F05-F880-4C04-94CB-CFCB059DC198}"
EndProject
Project("{FAE04EC0-301F-11D3-BF4B-00C04F79EFBC}") = "Application", "Application\Application.csproj", "{64D4A128-97BC-4C61-9F62-EF10FCB6C2F6}"
EndProject
Project("{FAE04EC0-301F-11D3-BF4B-00C04F79EFBC}") = "Persistence", "Persistence\Persistence.csproj", "{6F1E1CD2-4C60-40D9-BFDC-5D27AC56738F}"
EndProject
Project("{FAE04EC0-301F-11D3-BF4B-00C04F79EFBC}") = "API", "API\API.csproj", "{49C9B6C2-39C6-4930-A53C-050561B11DAA}"
EndProject
Global
	GlobalSection(SolutionConfigurationPlatforms) = preSolution
		Debug|Any CPU = Debug|Any CPU
		Debug|x64 = Debug|x64
		Debug|x86 = Debug|x86
		Release|Any CPU = Release|Any CPU
		Release|x64 = Release|x64
		Release|x86 = Release|x86
	EndGlobalSection
	GlobalSection(SolutionProperties) = preSolution
		HideSolutionNode = FALSE
	EndGlobalSection
	GlobalSection(ProjectConfigurationPlatforms) = postSolution
		{5D003F05-F880-4C04-94CB-CFCB059DC198}.Debug|Any CPU.ActiveCfg = Debug|Any CPU
		{5D003F05-F880-4C04-94CB-CFCB059DC198}.Debug|Any CPU.Build.0 = Debug|Any CPU
		{5D003F05-F880-4C04-94CB-CFCB059DC198}.Debug|x64.ActiveCfg = Debug|Any CPU
		{5D003F05-F880-4C04-94CB-CFCB059DC198}.Debug|x64.Build.0 = Debug|Any CPU
		{5D003F05-F880-4C04-94CB-CFCB059DC198}.Debug|x86.ActiveCfg = Debug|Any CPU
		{5D003F05-F880-4C04-94CB-CFCB059DC198}.Debug|x86.Build.0 = Debug|Any CPU
		{5D003F05-F880-4C04-94CB-CFCB059DC198}.Release|Any CPU.ActiveCfg = Release|Any CPU
		{5D003F05-F880-4C04-94CB-CFCB059DC198}.Release|Any CPU.Build.0 = Release|Any CPU
		{5D003F05-F880-4C04-94CB-CFCB059DC198}.Release|x64.ActiveCfg = Release|Any CPU
		{5D003F05-F880-4C04-94CB-CFCB059DC198}.Release|x64.Build.0 = Release|Any CPU
		{5D003F05-F880-4C04-94CB-CFCB059DC198}.Release|x86.ActiveCfg = Release|Any CPU
		{5D003F05-F880-4C04-94CB-CFCB059DC198}.Release|x86.Build.0 = Release|Any CPU
		{64D4A128-97BC-4C61-9F62-EF10FCB6C2F6}.Debug|Any CPU.ActiveCfg = Debug|Any CPU
		{64D4A128-97BC-4C61-9F62-EF10FCB6C2F6}.Debug|Any CPU.Build.0 = Debug|Any CPU
		{64D4A128-97BC-4C61-9F62-EF10FCB6C2F6}.Debug|x64.ActiveCfg = Debug|Any CPU
		{64D4A128-97BC-4C61-9F62-EF10FCB6C2F6}.Debug|x64.Build.0 = Debug|Any CPU
		{64D4A128-97BC-4C61-9F62-EF10FCB6C2F6}.Debug|x86.ActiveCfg = Debug|Any CPU
		{64D4A128-97BC-4C61-9F62-EF10FCB6C2F6}.Debug|x86.Build.0 = Debug|Any CPU
		{64D4A128-97BC-4C61-9F62-EF10FCB6C2F6}.Release|Any CPU.ActiveCfg = Release|Any CPU
		{64D4A128-97BC-4C61-9F62-EF10FCB6C2F6}.Release|Any CPU.Build.0 = Release|Any CPU
		{64D4A128-97BC-4C61-9F62-EF10FCB6C2F6}.Release|x64.ActiveCfg = Release|Any CPU
		{64D4A128-97BC-4C61-9F62-EF10FCB6C2F6}.Release|x64.Build.0 = Release|Any CPU
		{64D4A128-97BC-4C61-9F62-EF10FCB6C2F6}.Release|x86.ActiveCfg = Release|Any CPU
		{64D4A128-97BC-4C61-9F62-EF10FCB6C2F6}.Release|x86.Build.0 = Release|Any CPU
		{6F1E1CD2-4C60-40D9-BFDC-5D27AC56738F}.Debug|Any CPU.ActiveCfg = Debug|Any CPU
		{6F1E1CD2-4C60-40D9-BFDC-5D27AC56738F}.Debug|Any CPU.Build.0 = Debug|Any CPU
		{6F1E1CD2-4C60-40D9-BFDC-5D27AC56738F}.Debug|x64.ActiveCfg = Debug|Any CPU
		{6F1E1CD2-4C60-40D9-BFDC-5D27AC56738F}.Debug|x64.Build.0 = Debug|Any CPU
		{6F1E1CD2-4C60-40D9-BFDC-5D27AC56738F}.Debug|x86.ActiveCfg = Debug|Any CPU
		{6F1E1CD2-4C60-40D9-BFDC-5D27AC56738F}.Debug|x86.Build.0 = Debug|Any CPU
		{6F1E1CD2-4C60-40D9-BFDC-5D27AC56738F}.Release|Any CPU.ActiveCfg = Release|Any CPU
		{6F1E1CD2-4C60-40D9-BFDC-5D27AC56738F}.Release|Any CPU.Build.0 = Release|Any CPU
		{6F1E1CD2-4C60-40D9-BFDC-5D27AC56738F}.Release|x64.ActiveCfg = Release|Any CPU
		{6F1E1CD2-4C60-40D9-BFDC-5D27AC56738F}.Release|x64.Build.0 = Release|Any CPU
		{6F1E1CD2-4C60-40D9-BFDC-5D27AC56738F}.Release|x86.ActiveCfg = Release|Any CPU
		{6F1E1CD2-4C60-40D9-BFDC-5D27AC56738F}.Release|x86.Build.0 = Release|Any CPU
		{49C9B6C2-39C6-4930-A53C-050561B11DAA}.Debug|Any CPU.ActiveCfg = Debug|Any CPU
		{49C9B6C2-39C6-4930-A53C-050561B11DAA}.Debug|Any CPU.Build.0 = Debug|Any CPU
		{49C9B6C2-39C6-4930-A53C-050561B11DAA}.Debug|x64.ActiveCfg = Debug|Any CPU
		{49C9B6C2-39C6-4930-A53C-050561B11DAA}.Debug|x64.Build.0 = Debug|Any CPU
		{49C9B6C2-39C6-4930-A53C-050561B11DAA}.Debug|x86.ActiveCfg = Debug|Any CPU
		{49C9B6C2-39C6-4930-A53C-050561B11DAA}.Debug|x86.Build.0 = Debug|Any CPU
		{49C9B6C2-39C6-4930-A53C-050561B11DAA}.Release|Any CPU.ActiveCfg = Release|Any CPU
		{49C9B6C2-39C6-4930-A53C-050561B11DAA}.Release|Any CPU.Build.0 = Release|Any CPU
		{49C9B6C2-39C6-4930-A53C-050561B11DAA}.Release|x64.ActiveCfg = Release|Any CPU
		{49C9B6C2-39C6-4930-A53C-050561B11DAA}.Release|x64.Build.0 = Release|Any CPU
		{49C9B6C2-39C6-4930-A53C-050561B11DAA}.Release|x86.ActiveCfg = Release|Any CPU
		{49C9B6C2-39C6-4930-A53C-050561B11DAA}.Release|x86.Build.0 = Release|Any CPU
	EndGlobalSection
EndGlobal
